
Microsoft Visual Studio Solution File, Format Version 12.00
# Visual Studio Version 16
VisualStudioVersion = 16.0.30717.126
MinimumVisualStudioVersion = 10.0.40219.1
Project("{FAE04EC0-301F-11D3-BF4B-00C04F79EFBC}") = "SIMS-13", "SIMS-13\SIMS-13.csproj", "{FC9AE060-04BC-44CA-8634-F5D211005B12}"
EndProject
Global
	GlobalSection(SolutionConfigurationPlatforms) = preSolution
		Debug|Any CPU = Debug|Any CPU
		Release|Any CPU = Release|Any CPU
	EndGlobalSection
	GlobalSection(ProjectConfigurationPlatforms) = postSolution
		{FC9AE060-04BC-44CA-8634-F5D211005B12}.Debug|Any CPU.ActiveCfg = Debug|Any CPU
		{FC9AE060-04BC-44CA-8634-F5D211005B12}.Debug|Any CPU.Build.0 = Debug|Any CPU
		{FC9AE060-04BC-44CA-8634-F5D211005B12}.Release|Any CPU.ActiveCfg = Release|Any CPU
		{FC9AE060-04BC-44CA-8634-F5D211005B12}.Release|Any CPU.Build.0 = Release|Any CPU
	EndGlobalSection
	GlobalSection(SolutionProperties) = preSolution
		HideSolutionNode = FALSE
	EndGlobalSection
	GlobalSection(ExtensibilityGlobals) = postSolution
		SolutionGuid = {54AC4A75-E272-40CF-A7C4-42EA1FE49D30}
	EndGlobalSection
EndGlobal
